// !$*UTF8*$!
{
	archiveVersion = 1;
	classes = {
	};
	objectVersion = 52;
	objects = {

/* Begin PBXBuildFile section */
		6CE56333245FBF5700DCF7F2 /* AppDelegate.swift in Sources */ = {isa = PBXBuildFile; fileRef = 6CE56332245FBF5700DCF7F2 /* AppDelegate.swift */; };
		6CE56335245FBF5700DCF7F2 /* SceneDelegate.swift in Sources */ = {isa = PBXBuildFile; fileRef = 6CE56334245FBF5700DCF7F2 /* SceneDelegate.swift */; };
		6CE5633C245FBF5900DCF7F2 /* Assets.xcassets in Resources */ = {isa = PBXBuildFile; fileRef = 6CE5633B245FBF5900DCF7F2 /* Assets.xcassets */; };
		6CE5633F245FBF5900DCF7F2 /* LaunchScreen.storyboard in Resources */ = {isa = PBXBuildFile; fileRef = 6CE5633D245FBF5900DCF7F2 /* LaunchScreen.storyboard */; };
		6CE56353245FC24900DCF7F2 /* MainViewController.swift in Sources */ = {isa = PBXBuildFile; fileRef = 6CE56352245FC24900DCF7F2 /* MainViewController.swift */; };
		6CE56356245FC30C00DCF7F2 /* DataPersistence in Frameworks */ = {isa = PBXBuildFile; productRef = 6CE56355245FC30C00DCF7F2 /* DataPersistence */; };
		6CE56359245FC32100DCF7F2 /* ImageKit in Frameworks */ = {isa = PBXBuildFile; productRef = 6CE56358245FC32100DCF7F2 /* ImageKit */; };
		6CE5635B245FC39100DCF7F2 /* Secret.swift in Sources */ = {isa = PBXBuildFile; fileRef = 6CE5635A245FC39100DCF7F2 /* Secret.swift */; };
/* End PBXBuildFile section */

/* Begin PBXFileReference section */
		6CE5632F245FBF5700DCF7F2 /* WeatherApp.app */ = {isa = PBXFileReference; explicitFileType = wrapper.application; includeInIndex = 0; path = WeatherApp.app; sourceTree = BUILT_PRODUCTS_DIR; };
		6CE56332245FBF5700DCF7F2 /* AppDelegate.swift */ = {isa = PBXFileReference; lastKnownFileType = sourcecode.swift; path = AppDelegate.swift; sourceTree = "<group>"; };
		6CE56334245FBF5700DCF7F2 /* SceneDelegate.swift */ = {isa = PBXFileReference; lastKnownFileType = sourcecode.swift; path = SceneDelegate.swift; sourceTree = "<group>"; };
		6CE5633B245FBF5900DCF7F2 /* Assets.xcassets */ = {isa = PBXFileReference; lastKnownFileType = folder.assetcatalog; path = Assets.xcassets; sourceTree = "<group>"; };
		6CE5633E245FBF5900DCF7F2 /* Base */ = {isa = PBXFileReference; lastKnownFileType = file.storyboard; name = Base; path = Base.lproj/LaunchScreen.storyboard; sourceTree = "<group>"; };
		6CE56340245FBF5900DCF7F2 /* Info.plist */ = {isa = PBXFileReference; lastKnownFileType = text.plist.xml; path = Info.plist; sourceTree = "<group>"; };
		6CE56352245FC24900DCF7F2 /* MainViewController.swift */ = {isa = PBXFileReference; lastKnownFileType = sourcecode.swift; path = MainViewController.swift; sourceTree = "<group>"; };
		6CE5635A245FC39100DCF7F2 /* Secret.swift */ = {isa = PBXFileReference; fileEncoding = 4; lastKnownFileType = sourcecode.swift; path = Secret.swift; sourceTree = "<group>"; };
/* End PBXFileReference section */

/* Begin PBXFrameworksBuildPhase section */
		6CE5632C245FBF5700DCF7F2 /* Frameworks */ = {
			isa = PBXFrameworksBuildPhase;
			buildActionMask = 2147483647;
			files = (
				6CE56356245FC30C00DCF7F2 /* DataPersistence in Frameworks */,
				6CE56359245FC32100DCF7F2 /* ImageKit in Frameworks */,
			);
			runOnlyForDeploymentPostprocessing = 0;
		};
/* End PBXFrameworksBuildPhase section */

/* Begin PBXGroup section */
		6CE56326245FBF5700DCF7F2 = {
			isa = PBXGroup;
			children = (
				6CE56331245FBF5700DCF7F2 /* WeatherApp */,
				6CE56330245FBF5700DCF7F2 /* Products */,
			);
			sourceTree = "<group>";
		};
		6CE56330245FBF5700DCF7F2 /* Products */ = {
			isa = PBXGroup;
			children = (
				6CE5632F245FBF5700DCF7F2 /* WeatherApp.app */,
			);
			name = Products;
			sourceTree = "<group>";
		};
		6CE56331245FBF5700DCF7F2 /* WeatherApp */ = {
			isa = PBXGroup;
			children = (
				6CE5635C245FC3A200DCF7F2 /* Secret */,
				6CE56350245FC1CE00DCF7F2 /* Cells */,
				6CE5634F245FC1C700DCF7F2 /* Extensions */,
				6CE5634E245FC1B700DCF7F2 /* Views */,
				6CE5634D245FC1B200DCF7F2 /* Models */,
				6CE5634C245FC1A900DCF7F2 /* Controllers */,
				6CE56351245FC1DC00DCF7F2 /* SupportingFiles */,
				6CE5633B245FBF5900DCF7F2 /* Assets.xcassets */,
				6CE5633D245FBF5900DCF7F2 /* LaunchScreen.storyboard */,
				6CE56340245FBF5900DCF7F2 /* Info.plist */,
			);
			path = WeatherApp;
			sourceTree = "<group>";
		};
		6CE5634C245FC1A900DCF7F2 /* Controllers */ = {
			isa = PBXGroup;
			children = (
				6CE56352245FC24900DCF7F2 /* MainViewController.swift */,
			);
			path = Controllers;
			sourceTree = "<group>";
		};
		6CE5634D245FC1B200DCF7F2 /* Models */ = {
			isa = PBXGroup;
			children = (
			);
			path = Models;
			sourceTree = "<group>";
		};
		6CE5634E245FC1B700DCF7F2 /* Views */ = {
			isa = PBXGroup;
			children = (
			);
			path = Views;
			sourceTree = "<group>";
		};
		6CE5634F245FC1C700DCF7F2 /* Extensions */ = {
			isa = PBXGroup;
			children = (
			);
			path = Extensions;
			sourceTree = "<group>";
		};
		6CE56350245FC1CE00DCF7F2 /* Cells */ = {
			isa = PBXGroup;
			children = (
			);
			path = Cells;
			sourceTree = "<group>";
		};
		6CE56351245FC1DC00DCF7F2 /* SupportingFiles */ = {
			isa = PBXGroup;
			children = (
				6CE56332245FBF5700DCF7F2 /* AppDelegate.swift */,
				6CE56334245FBF5700DCF7F2 /* SceneDelegate.swift */,
			);
			path = SupportingFiles;
			sourceTree = "<group>";
		};
		6CE5635C245FC3A200DCF7F2 /* Secret */ = {
			isa = PBXGroup;
			children = (
				6CE5635A245FC39100DCF7F2 /* Secret.swift */,
			);
			path = Secret;
			sourceTree = "<group>";
		};
/* End PBXGroup section */

/* Begin PBXNativeTarget section */
		6CE5632E245FBF5700DCF7F2 /* WeatherApp */ = {
			isa = PBXNativeTarget;
			buildConfigurationList = 6CE56343245FBF5900DCF7F2 /* Build configuration list for PBXNativeTarget "WeatherApp" */;
			buildPhases = (
				6CE5632B245FBF5700DCF7F2 /* Sources */,
				6CE5632C245FBF5700DCF7F2 /* Frameworks */,
				6CE5632D245FBF5700DCF7F2 /* Resources */,
			);
			buildRules = (
			);
			dependencies = (
			);
			name = WeatherApp;
			packageProductDependencies = (
				6CE56355245FC30C00DCF7F2 /* DataPersistence */,
				6CE56358245FC32100DCF7F2 /* ImageKit */,
			);
			productName = WeatherApp;
			productReference = 6CE5632F245FBF5700DCF7F2 /* WeatherApp.app */;
			productType = "com.apple.product-type.application";
		};
/* End PBXNativeTarget section */

/* Begin PBXProject section */
		6CE56327245FBF5700DCF7F2 /* Project object */ = {
			isa = PBXProject;
			attributes = {
				LastSwiftUpdateCheck = 1140;
				LastUpgradeCheck = 1140;
				ORGANIZATIONNAME = "Edward O'Neill";
				TargetAttributes = {
					6CE5632E245FBF5700DCF7F2 = {
						CreatedOnToolsVersion = 11.4.1;
					};
				};
			};
			buildConfigurationList = 6CE5632A245FBF5700DCF7F2 /* Build configuration list for PBXProject "WeatherApp" */;
			compatibilityVersion = "Xcode 9.3";
			developmentRegion = en;
			hasScannedForEncodings = 0;
			knownRegions = (
				en,
				Base,
			);
			mainGroup = 6CE56326245FBF5700DCF7F2;
			packageReferences = (
				6CE56354245FC30C00DCF7F2 /* XCRemoteSwiftPackageReference "DataPersistence" */,
				6CE56357245FC32100DCF7F2 /* XCRemoteSwiftPackageReference "ImageKit" */,
			);
			productRefGroup = 6CE56330245FBF5700DCF7F2 /* Products */;
			projectDirPath = "";
			projectRoot = "";
			targets = (
				6CE5632E245FBF5700DCF7F2 /* WeatherApp */,
			);
		};
/* End PBXProject section */

/* Begin PBXResourcesBuildPhase section */
		6CE5632D245FBF5700DCF7F2 /* Resources */ = {
			isa = PBXResourcesBuildPhase;
			buildActionMask = 2147483647;
			files = (
				6CE5633F245FBF5900DCF7F2 /* LaunchScreen.storyboard in Resources */,
				6CE5633C245FBF5900DCF7F2 /* Assets.xcassets in Resources */,
			);
			runOnlyForDeploymentPostprocessing = 0;
		};
/* End PBXResourcesBuildPhase section */

/* Begin PBXSourcesBuildPhase section */
		6CE5632B245FBF5700DCF7F2 /* Sources */ = {
			isa = PBXSourcesBuildPhase;
			buildActionMask = 2147483647;
			files = (
				6CE56353245FC24900DCF7F2 /* MainViewController.swift in Sources */,
				6CE5635B245FC39100DCF7F2 /* Secret.swift in Sources */,
				6CE56333245FBF5700DCF7F2 /* AppDelegate.swift in Sources */,
				6CE56335245FBF5700DCF7F2 /* SceneDelegate.swift in Sources */,
			);
			runOnlyForDeploymentPostprocessing = 0;
		};
/* End PBXSourcesBuildPhase section */

/* Begin PBXVariantGroup section */
		6CE5633D245FBF5900DCF7F2 /* LaunchScreen.storyboard */ = {
			isa = PBXVariantGroup;
			children = (
				6CE5633E245FBF5900DCF7F2 /* Base */,
			);
			name = LaunchScreen.storyboard;
			sourceTree = "<group>";
		};
/* End PBXVariantGroup section */

/* Begin XCBuildConfiguration section */
		6CE56341245FBF5900DCF7F2 /* Debug */ = {
			isa = XCBuildConfiguration;
			buildSettings = {
				ALWAYS_SEARCH_USER_PATHS = NO;
				CLANG_ANALYZER_NONNULL = YES;
				CLANG_ANALYZER_NUMBER_OBJECT_CONVERSION = YES_AGGRESSIVE;
				CLANG_CXX_LANGUAGE_STANDARD = "gnu++14";
				CLANG_CXX_LIBRARY = "libc++";
				CLANG_ENABLE_MODULES = YES;
				CLANG_ENABLE_OBJC_ARC = YES;
				CLANG_ENABLE_OBJC_WEAK = YES;
				CLANG_WARN_BLOCK_CAPTURE_AUTORELEASING = YES;
				CLANG_WARN_BOOL_CONVERSION = YES;
				CLANG_WARN_COMMA = YES;
				CLANG_WARN_CONSTANT_CONVERSION = YES;
				CLANG_WARN_DEPRECATED_OBJC_IMPLEMENTATIONS = YES;
				CLANG_WARN_DIRECT_OBJC_ISA_USAGE = YES_ERROR;
				CLANG_WARN_DOCUMENTATION_COMMENTS = YES;
				CLANG_WARN_EMPTY_BODY = YES;
				CLANG_WARN_ENUM_CONVERSION = YES;
				CLANG_WARN_INFINITE_RECURSION = YES;
				CLANG_WARN_INT_CONVERSION = YES;
				CLANG_WARN_NON_LITERAL_NULL_CONVERSION = YES;
				CLANG_WARN_OBJC_IMPLICIT_RETAIN_SELF = YES;
				CLANG_WARN_OBJC_LITERAL_CONVERSION = YES;
				CLANG_WARN_OBJC_ROOT_CLASS = YES_ERROR;
				CLANG_WARN_RANGE_LOOP_ANALYSIS = YES;
				CLANG_WARN_STRICT_PROTOTYPES = YES;
				CLANG_WARN_SUSPICIOUS_MOVE = YES;
				CLANG_WARN_UNGUARDED_AVAILABILITY = YES_AGGRESSIVE;
				CLANG_WARN_UNREACHABLE_CODE = YES;
				CLANG_WARN__DUPLICATE_METHOD_MATCH = YES;
				COPY_PHASE_STRIP = NO;
				DEBUG_INFORMATION_FORMAT = dwarf;
				ENABLE_STRICT_OBJC_MSGSEND = YES;
				ENABLE_TESTABILITY = YES;
				GCC_C_LANGUAGE_STANDARD = gnu11;
				GCC_DYNAMIC_NO_PIC = NO;
				GCC_NO_COMMON_BLOCKS = YES;
				GCC_OPTIMIZATION_LEVEL = 0;
				GCC_PREPROCESSOR_DEFINITIONS = (
					"DEBUG=1",
					"$(inherited)",
				);
				GCC_WARN_64_TO_32_BIT_CONVERSION = YES;
				GCC_WARN_ABOUT_RETURN_TYPE = YES_ERROR;
				GCC_WARN_UNDECLARED_SELECTOR = YES;
				GCC_WARN_UNINITIALIZED_AUTOS = YES_AGGRESSIVE;
				GCC_WARN_UNUSED_FUNCTION = YES;
				GCC_WARN_UNUSED_VARIABLE = YES;
				IPHONEOS_DEPLOYMENT_TARGET = 13.4;
				MTL_ENABLE_DEBUG_INFO = INCLUDE_SOURCE;
				MTL_FAST_MATH = YES;
				ONLY_ACTIVE_ARCH = YES;
				SDKROOT = iphoneos;
				SWIFT_ACTIVE_COMPILATION_CONDITIONS = DEBUG;
				SWIFT_OPTIMIZATION_LEVEL = "-Onone";
			};
			name = Debug;
		};
		6CE56342245FBF5900DCF7F2 /* Release */ = {
			isa = XCBuildConfiguration;
			buildSettings = {
				ALWAYS_SEARCH_USER_PATHS = NO;
				CLANG_ANALYZER_NONNULL = YES;
				CLANG_ANALYZER_NUMBER_OBJECT_CONVERSION = YES_AGGRESSIVE;
				CLANG_CXX_LANGUAGE_STANDARD = "gnu++14";
				CLANG_CXX_LIBRARY = "libc++";
				CLANG_ENABLE_MODULES = YES;
				CLANG_ENABLE_OBJC_ARC = YES;
				CLANG_ENABLE_OBJC_WEAK = YES;
				CLANG_WARN_BLOCK_CAPTURE_AUTORELEASING = YES;
				CLANG_WARN_BOOL_CONVERSION = YES;
				CLANG_WARN_COMMA = YES;
				CLANG_WARN_CONSTANT_CONVERSION = YES;
				CLANG_WARN_DEPRECATED_OBJC_IMPLEMENTATIONS = YES;
				CLANG_WARN_DIRECT_OBJC_ISA_USAGE = YES_ERROR;
				CLANG_WARN_DOCUMENTATION_COMMENTS = YES;
				CLANG_WARN_EMPTY_BODY = YES;
				CLANG_WARN_ENUM_CONVERSION = YES;
				CLANG_WARN_INFINITE_RECURSION = YES;
				CLANG_WARN_INT_CONVERSION = YES;
				CLANG_WARN_NON_LITERAL_NULL_CONVERSION = YES;
				CLANG_WARN_OBJC_IMPLICIT_RETAIN_SELF = YES;
				CLANG_WARN_OBJC_LITERAL_CONVERSION = YES;
				CLANG_WARN_OBJC_ROOT_CLASS = YES_ERROR;
				CLANG_WARN_RANGE_LOOP_ANALYSIS = YES;
				CLANG_WARN_STRICT_PROTOTYPES = YES;
				CLANG_WARN_SUSPICIOUS_MOVE = YES;
				CLANG_WARN_UNGUARDED_AVAILABILITY = YES_AGGRESSIVE;
				CLANG_WARN_UNREACHABLE_CODE = YES;
				CLANG_WARN__DUPLICATE_METHOD_MATCH = YES;
				COPY_PHASE_STRIP = NO;
				DEBUG_INFORMATION_FORMAT = "dwarf-with-dsym";
				ENABLE_NS_ASSERTIONS = NO;
				ENABLE_STRICT_OBJC_MSGSEND = YES;
				GCC_C_LANGUAGE_STANDARD = gnu11;
				GCC_NO_COMMON_BLOCKS = YES;
				GCC_WARN_64_TO_32_BIT_CONVERSION = YES;
				GCC_WARN_ABOUT_RETURN_TYPE = YES_ERROR;
				GCC_WARN_UNDECLARED_SELECTOR = YES;
				GCC_WARN_UNINITIALIZED_AUTOS = YES_AGGRESSIVE;
				GCC_WARN_UNUSED_FUNCTION = YES;
				GCC_WARN_UNUSED_VARIABLE = YES;
				IPHONEOS_DEPLOYMENT_TARGET = 13.4;
				MTL_ENABLE_DEBUG_INFO = NO;
				MTL_FAST_MATH = YES;
				SDKROOT = iphoneos;
				SWIFT_COMPILATION_MODE = wholemodule;
				SWIFT_OPTIMIZATION_LEVEL = "-O";
				VALIDATE_PRODUCT = YES;
			};
			name = Release;
		};
		6CE56344245FBF5900DCF7F2 /* Debug */ = {
			isa = XCBuildConfiguration;
			buildSettings = {
				ASSETCATALOG_COMPILER_APPICON_NAME = AppIcon;
				CODE_SIGN_STYLE = Automatic;
				DEVELOPMENT_TEAM = 3AKWB6WDMH;
				INFOPLIST_FILE = WeatherApp/Info.plist;
				LD_RUNPATH_SEARCH_PATHS = (
					"$(inherited)",
					"@executable_path/Frameworks",
				);
				PRODUCT_BUNDLE_IDENTIFIER = com.edward.WeatherApp;
				PRODUCT_NAME = "$(TARGET_NAME)";
				SWIFT_VERSION = 5.0;
				TARGETED_DEVICE_FAMILY = "1,2";
			};
			name = Debug;
		};
		6CE56345245FBF5900DCF7F2 /* Release */ = {
			isa = XCBuildConfiguration;
			buildSettings = {
				ASSETCATALOG_COMPILER_APPICON_NAME = AppIcon;
				CODE_SIGN_STYLE = Automatic;
				DEVELOPMENT_TEAM = 3AKWB6WDMH;
				INFOPLIST_FILE = WeatherApp/Info.plist;
				LD_RUNPATH_SEARCH_PATHS = (
					"$(inherited)",
					"@executable_path/Frameworks",
				);
				PRODUCT_BUNDLE_IDENTIFIER = com.edward.WeatherApp;
				PRODUCT_NAME = "$(TARGET_NAME)";
				SWIFT_VERSION = 5.0;
				TARGETED_DEVICE_FAMILY = "1,2";
			};
			name = Release;
		};
/* End XCBuildConfiguration section */

/* Begin XCConfigurationList section */
		6CE5632A245FBF5700DCF7F2 /* Build configuration list for PBXProject "WeatherApp" */ = {
			isa = XCConfigurationList;
			buildConfigurations = (
				6CE56341245FBF5900DCF7F2 /* Debug */,
				6CE56342245FBF5900DCF7F2 /* Release */,
			);
			defaultConfigurationIsVisible = 0;
			defaultConfigurationName = Release;
		};
		6CE56343245FBF5900DCF7F2 /* Build configuration list for PBXNativeTarget "WeatherApp" */ = {
			isa = XCConfigurationList;
			buildConfigurations = (
				6CE56344245FBF5900DCF7F2 /* Debug */,
				6CE56345245FBF5900DCF7F2 /* Release */,
			);
			defaultConfigurationIsVisible = 0;
			defaultConfigurationName = Release;
		};
/* End XCConfigurationList section */

/* Begin XCRemoteSwiftPackageReference section */
		6CE56354245FC30C00DCF7F2 /* XCRemoteSwiftPackageReference "DataPersistence" */ = {
			isa = XCRemoteSwiftPackageReference;
			repositoryURL = "https://github.com/alexpaul/DataPersistence";
			requirement = {
				kind = upToNextMajorVersion;
				minimumVersion = 1.1.0;
			};
		};
		6CE56357245FC32100DCF7F2 /* XCRemoteSwiftPackageReference "ImageKit" */ = {
			isa = XCRemoteSwiftPackageReference;
			repositoryURL = "https://github.com/alexpaul/ImageKit";
			requirement = {
				kind = upToNextMajorVersion;
				minimumVersion = 1.0.5;
			};
		};
/* End XCRemoteSwiftPackageReference section */

/* Begin XCSwiftPackageProductDependency section */
		6CE56355245FC30C00DCF7F2 /* DataPersistence */ = {
			isa = XCSwiftPackageProductDependency;
			package = 6CE56354245FC30C00DCF7F2 /* XCRemoteSwiftPackageReference "DataPersistence" */;
			productName = DataPersistence;
		};
		6CE56358245FC32100DCF7F2 /* ImageKit */ = {
			isa = XCSwiftPackageProductDependency;
			package = 6CE56357245FC32100DCF7F2 /* XCRemoteSwiftPackageReference "ImageKit" */;
			productName = ImageKit;
		};
/* End XCSwiftPackageProductDependency section */
	};
	rootObject = 6CE56327245FBF5700DCF7F2 /* Project object */;
}
